
Microsoft Visual Studio Solution File, Format Version 12.00
# Visual Studio Version 16
VisualStudioVersion = 16.0.30204.135
MinimumVisualStudioVersion = 10.0.40219.1
Project("{FAE04EC0-301F-11D3-BF4B-00C04F79EFBC}") = "MyShapes.UWP", "MyShapes.UWP\MyShapes.UWP.csproj", "{56DE26F0-592A-44D9-A175-CACF413FDA33}"
EndProject
Project("{FAE04EC0-301F-11D3-BF4B-00C04F79EFBC}") = "MyShapes.Android", "MyShapes.Android\MyShapes.Android.csproj", "{51C3F69A-A11A-4D6B-BBBE-A53C059B2692}"
EndProject
Project("{FAE04EC0-301F-11D3-BF4B-00C04F79EFBC}") = "MyShapes.iOS", "MyShapes.iOS\MyShapes.iOS.csproj", "{B6932015-8A63-49D9-98EF-01EE3877E0FA}"
EndProject
Project("{FAE04EC0-301F-11D3-BF4B-00C04F79EFBC}") = "MyShapes", "MyShapes\MyShapes.csproj", "{E6BBADAE-C820-44DF-BFD3-A08BE77708C2}"
EndProject
Global
	GlobalSection(SolutionConfigurationPlatforms) = preSolution
		Debug|Any CPU = Debug|Any CPU
		Debug|ARM = Debug|ARM
		Debug|iPhone = Debug|iPhone
		Debug|iPhoneSimulator = Debug|iPhoneSimulator
		Debug|x64 = Debug|x64
		Debug|x86 = Debug|x86
		Release|Any CPU = Release|Any CPU
		Release|ARM = Release|ARM
		Release|iPhone = Release|iPhone
		Release|iPhoneSimulator = Release|iPhoneSimulator
		Release|x64 = Release|x64
		Release|x86 = Release|x86
	EndGlobalSection
	GlobalSection(ProjectConfigurationPlatforms) = postSolution
		{56DE26F0-592A-44D9-A175-CACF413FDA33}.Debug|Any CPU.ActiveCfg = Debug|x86
		{56DE26F0-592A-44D9-A175-CACF413FDA33}.Debug|Any CPU.Build.0 = Debug|x86
		{56DE26F0-592A-44D9-A175-CACF413FDA33}.Debug|Any CPU.Deploy.0 = Debug|x86
		{56DE26F0-592A-44D9-A175-CACF413FDA33}.Debug|ARM.ActiveCfg = Debug|ARM
		{56DE26F0-592A-44D9-A175-CACF413FDA33}.Debug|ARM.Build.0 = Debug|ARM
		{56DE26F0-592A-44D9-A175-CACF413FDA33}.Debug|ARM.Deploy.0 = Debug|ARM
		{56DE26F0-592A-44D9-A175-CACF413FDA33}.Debug|iPhone.ActiveCfg = Debug|x86
		{56DE26F0-592A-44D9-A175-CACF413FDA33}.Debug|iPhone.Build.0 = Debug|x86
		{56DE26F0-592A-44D9-A175-CACF413FDA33}.Debug|iPhone.Deploy.0 = Debug|x86
		{56DE26F0-592A-44D9-A175-CACF413FDA33}.Debug|iPhoneSimulator.ActiveCfg = Debug|x86
		{56DE26F0-592A-44D9-A175-CACF413FDA33}.Debug|iPhoneSimulator.Build.0 = Debug|x86
		{56DE26F0-592A-44D9-A175-CACF413FDA33}.Debug|iPhoneSimulator.Deploy.0 = Debug|x86
		{56DE26F0-592A-44D9-A175-CACF413FDA33}.Debug|x64.ActiveCfg = Debug|x64
		{56DE26F0-592A-44D9-A175-CACF413FDA33}.Debug|x64.Build.0 = Debug|x64
		{56DE26F0-592A-44D9-A175-CACF413FDA33}.Debug|x64.Deploy.0 = Debug|x64
		{56DE26F0-592A-44D9-A175-CACF413FDA33}.Debug|x86.ActiveCfg = Debug|x86
		{56DE26F0-592A-44D9-A175-CACF413FDA33}.Debug|x86.Build.0 = Debug|x86
		{56DE26F0-592A-44D9-A175-CACF413FDA33}.Debug|x86.Deploy.0 = Debug|x86
		{56DE26F0-592A-44D9-A175-CACF413FDA33}.Release|Any CPU.ActiveCfg = Release|x86
		{56DE26F0-592A-44D9-A175-CACF413FDA33}.Release|Any CPU.Build.0 = Release|x86
		{56DE26F0-592A-44D9-A175-CACF413FDA33}.Release|Any CPU.Deploy.0 = Release|x86
		{56DE26F0-592A-44D9-A175-CACF413FDA33}.Release|ARM.ActiveCfg = Release|ARM
		{56DE26F0-592A-44D9-A175-CACF413FDA33}.Release|ARM.Build.0 = Release|ARM
		{56DE26F0-592A-44D9-A175-CACF413FDA33}.Release|ARM.Deploy.0 = Release|ARM
		{56DE26F0-592A-44D9-A175-CACF413FDA33}.Release|iPhone.ActiveCfg = Release|x86
		{56DE26F0-592A-44D9-A175-CACF413FDA33}.Release|iPhone.Build.0 = Release|x86
		{56DE26F0-592A-44D9-A175-CACF413FDA33}.Release|iPhone.Deploy.0 = Release|x86
		{56DE26F0-592A-44D9-A175-CACF413FDA33}.Release|iPhoneSimulator.ActiveCfg = Release|x86
		{56DE26F0-592A-44D9-A175-CACF413FDA33}.Release|iPhoneSimulator.Build.0 = Release|x86
		{56DE26F0-592A-44D9-A175-CACF413FDA33}.Release|iPhoneSimulator.Deploy.0 = Release|x86
		{56DE26F0-592A-44D9-A175-CACF413FDA33}.Release|x64.ActiveCfg = Release|x64
		{56DE26F0-592A-44D9-A175-CACF413FDA33}.Release|x64.Build.0 = Release|x64
		{56DE26F0-592A-44D9-A175-CACF413FDA33}.Release|x64.Deploy.0 = Release|x64
		{56DE26F0-592A-44D9-A175-CACF413FDA33}.Release|x86.ActiveCfg = Release|x86
		{56DE26F0-592A-44D9-A175-CACF413FDA33}.Release|x86.Build.0 = Release|x86
		{56DE26F0-592A-44D9-A175-CACF413FDA33}.Release|x86.Deploy.0 = Release|x86
		{51C3F69A-A11A-4D6B-BBBE-A53C059B2692}.Debug|Any CPU.ActiveCfg = Debug|Any CPU
		{51C3F69A-A11A-4D6B-BBBE-A53C059B2692}.Debug|Any CPU.Build.0 = Debug|Any CPU
		{51C3F69A-A11A-4D6B-BBBE-A53C059B2692}.Debug|Any CPU.Deploy.0 = Debug|Any CPU
		{51C3F69A-A11A-4D6B-BBBE-A53C059B2692}.Debug|ARM.ActiveCfg = Debug|Any CPU
		{51C3F69A-A11A-4D6B-BBBE-A53C059B2692}.Debug|ARM.Build.0 = Debug|Any CPU
		{51C3F69A-A11A-4D6B-BBBE-A53C059B2692}.Debug|ARM.Deploy.0 = Debug|Any CPU
		{51C3F69A-A11A-4D6B-BBBE-A53C059B2692}.Debug|iPhone.ActiveCfg = Debug|Any CPU
		{51C3F69A-A11A-4D6B-BBBE-A53C059B2692}.Debug|iPhone.Build.0 = Debug|Any CPU
		{51C3F69A-A11A-4D6B-BBBE-A53C059B2692}.Debug|iPhone.Deploy.0 = Debug|Any CPU
		{51C3F69A-A11A-4D6B-BBBE-A53C059B2692}.Debug|iPhoneSimulator.ActiveCfg = Debug|Any CPU
		{51C3F69A-A11A-4D6B-BBBE-A53C059B2692}.Debug|iPhoneSimulator.Build.0 = Debug|Any CPU
		{51C3F69A-A11A-4D6B-BBBE-A53C059B2692}.Debug|iPhoneSimulator.Deploy.0 = Debug|Any CPU
		{51C3F69A-A11A-4D6B-BBBE-A53C059B2692}.Debug|x64.ActiveCfg = Debug|Any CPU
		{51C3F69A-A11A-4D6B-BBBE-A53C059B2692}.Debug|x64.Build.0 = Debug|Any CPU
		{51C3F69A-A11A-4D6B-BBBE-A53C059B2692}.Debug|x64.Deploy.0 = Debug|Any CPU
		{51C3F69A-A11A-4D6B-BBBE-A53C059B2692}.Debug|x86.ActiveCfg = Debug|Any CPU
		{51C3F69A-A11A-4D6B-BBBE-A53C059B2692}.Debug|x86.Build.0 = Debug|Any CPU
		{51C3F69A-A11A-4D6B-BBBE-A53C059B2692}.Debug|x86.Deploy.0 = Debug|Any CPU
		{51C3F69A-A11A-4D6B-BBBE-A53C059B2692}.Release|Any CPU.ActiveCfg = Release|Any CPU
		{51C3F69A-A11A-4D6B-BBBE-A53C059B2692}.Release|Any CPU.Build.0 = Release|Any CPU
		{51C3F69A-A11A-4D6B-BBBE-A53C059B2692}.Release|Any CPU.Deploy.0 = Release|Any CPU
		{51C3F69A-A11A-4D6B-BBBE-A53C059B2692}.Release|ARM.ActiveCfg = Release|Any CPU
		{51C3F69A-A11A-4D6B-BBBE-A53C059B2692}.Release|ARM.Build.0 = Release|Any CPU
		{51C3F69A-A11A-4D6B-BBBE-A53C059B2692}.Release|ARM.Deploy.0 = Release|Any CPU
		{51C3F69A-A11A-4D6B-BBBE-A53C059B2692}.Release|iPhone.ActiveCfg = Release|Any CPU
		{51C3F69A-A11A-4D6B-BBBE-A53C059B2692}.Release|iPhone.Build.0 = Release|Any CPU
		{51C3F69A-A11A-4D6B-BBBE-A53C059B2692}.Release|iPhone.Deploy.0 = Release|Any CPU
		{51C3F69A-A11A-4D6B-BBBE-A53C059B2692}.Release|iPhoneSimulator.ActiveCfg = Release|Any CPU
		{51C3F69A-A11A-4D6B-BBBE-A53C059B2692}.Release|iPhoneSimulator.Build.0 = Release|Any CPU
		{51C3F69A-A11A-4D6B-BBBE-A53C059B2692}.Release|iPhoneSimulator.Deploy.0 = Release|Any CPU
		{51C3F69A-A11A-4D6B-BBBE-A53C059B2692}.Release|x64.ActiveCfg = Release|Any CPU
		{51C3F69A-A11A-4D6B-BBBE-A53C059B2692}.Release|x64.Build.0 = Release|Any CPU
		{51C3F69A-A11A-4D6B-BBBE-A53C059B2692}.Release|x64.Deploy.0 = Release|Any CPU
		{51C3F69A-A11A-4D6B-BBBE-A53C059B2692}.Release|x86.ActiveCfg = Release|Any CPU
		{51C3F69A-A11A-4D6B-BBBE-A53C059B2692}.Release|x86.Build.0 = Release|Any CPU
		{51C3F69A-A11A-4D6B-BBBE-A53C059B2692}.Release|x86.Deploy.0 = Release|Any CPU
		{B6932015-8A63-49D9-98EF-01EE3877E0FA}.Debug|Any CPU.ActiveCfg = Debug|iPhone
		{B6932015-8A63-49D9-98EF-01EE3877E0FA}.Debug|Any CPU.Build.0 = Debug|iPhone
		{B6932015-8A63-49D9-98EF-01EE3877E0FA}.Debug|Any CPU.Deploy.0 = Debug|iPhone
		{B6932015-8A63-49D9-98EF-01EE3877E0FA}.Debug|ARM.ActiveCfg = Debug|iPhone
		{B6932015-8A63-49D9-98EF-01EE3877E0FA}.Debug|ARM.Build.0 = Debug|iPhone
		{B6932015-8A63-49D9-98EF-01EE3877E0FA}.Debug|ARM.Deploy.0 = Debug|iPhone
		{B6932015-8A63-49D9-98EF-01EE3877E0FA}.Debug|iPhone.ActiveCfg = Debug|iPhone
		{B6932015-8A63-49D9-98EF-01EE3877E0FA}.Debug|iPhone.Build.0 = Debug|iPhone
		{B6932015-8A63-49D9-98EF-01EE3877E0FA}.Debug|iPhone.Deploy.0 = Debug|iPhone
		{B6932015-8A63-49D9-98EF-01EE3877E0FA}.Debug|iPhoneSimulator.ActiveCfg = Debug|iPhoneSimulator
		{B6932015-8A63-49D9-98EF-01EE3877E0FA}.Debug|iPhoneSimulator.Build.0 = Debug|iPhoneSimulator
		{B6932015-8A63-49D9-98EF-01EE3877E0FA}.Debug|iPhoneSimulator.Deploy.0 = Debug|iPhoneSimulator
		{B6932015-8A63-49D9-98EF-01EE3877E0FA}.Debug|x64.ActiveCfg = Debug|iPhone
		{B6932015-8A63-49D9-98EF-01EE3877E0FA}.Debug|x64.Build.0 = Debug|iPhone
		{B6932015-8A63-49D9-98EF-01EE3877E0FA}.Debug|x64.Deploy.0 = Debug|iPhone
		{B6932015-8A63-49D9-98EF-01EE3877E0FA}.Debug|x86.ActiveCfg = Debug|iPhone
		{B6932015-8A63-49D9-98EF-01EE3877E0FA}.Debug|x86.Build.0 = Debug|iPhone
		{B6932015-8A63-49D9-98EF-01EE3877E0FA}.Debug|x86.Deploy.0 = Debug|iPhone
		{B6932015-8A63-49D9-98EF-01EE3877E0FA}.Release|Any CPU.ActiveCfg = Release|iPhone
		{B6932015-8A63-49D9-98EF-01EE3877E0FA}.Release|Any CPU.Build.0 = Release|iPhone
		{B6932015-8A63-49D9-98EF-01EE3877E0FA}.Release|Any CPU.Deploy.0 = Release|iPhone
		{B6932015-8A63-49D9-98EF-01EE3877E0FA}.Release|ARM.ActiveCfg = Release|iPhone
		{B6932015-8A63-49D9-98EF-01EE3877E0FA}.Release|ARM.Build.0 = Release|iPhone
		{B6932015-8A63-49D9-98EF-01EE3877E0FA}.Release|ARM.Deploy.0 = Release|iPhone
		{B6932015-8A63-49D9-98EF-01EE3877E0FA}.Release|iPhone.ActiveCfg = Release|iPhone
		{B6932015-8A63-49D9-98EF-01EE3877E0FA}.Release|iPhone.Build.0 = Release|iPhone
		{B6932015-8A63-49D9-98EF-01EE3877E0FA}.Release|iPhone.Deploy.0 = Release|iPhone
		{B6932015-8A63-49D9-98EF-01EE3877E0FA}.Release|iPhoneSimulator.ActiveCfg = Release|iPhoneSimulator
		{B6932015-8A63-49D9-98EF-01EE3877E0FA}.Release|iPhoneSimulator.Build.0 = Release|iPhoneSimulator
		{B6932015-8A63-49D9-98EF-01EE3877E0FA}.Release|iPhoneSimulator.Deploy.0 = Release|iPhoneSimulator
		{B6932015-8A63-49D9-98EF-01EE3877E0FA}.Release|x64.ActiveCfg = Release|iPhone
		{B6932015-8A63-49D9-98EF-01EE3877E0FA}.Release|x64.Build.0 = Release|iPhone
		{B6932015-8A63-49D9-98EF-01EE3877E0FA}.Release|x64.Deploy.0 = Release|iPhone
		{B6932015-8A63-49D9-98EF-01EE3877E0FA}.Release|x86.ActiveCfg = Release|iPhone
		{B6932015-8A63-49D9-98EF-01EE3877E0FA}.Release|x86.Build.0 = Release|iPhone
		{B6932015-8A63-49D9-98EF-01EE3877E0FA}.Release|x86.Deploy.0 = Release|iPhone
		{E6BBADAE-C820-44DF-BFD3-A08BE77708C2}.Debug|Any CPU.ActiveCfg = Debug|Any CPU
		{E6BBADAE-C820-44DF-BFD3-A08BE77708C2}.Debug|Any CPU.Build.0 = Debug|Any CPU
		{E6BBADAE-C820-44DF-BFD3-A08BE77708C2}.Debug|Any CPU.Deploy.0 = Debug|Any CPU
		{E6BBADAE-C820-44DF-BFD3-A08BE77708C2}.Debug|ARM.ActiveCfg = Debug|Any CPU
		{E6BBADAE-C820-44DF-BFD3-A08BE77708C2}.Debug|ARM.Build.0 = Debug|Any CPU
		{E6BBADAE-C820-44DF-BFD3-A08BE77708C2}.Debug|ARM.Deploy.0 = Debug|Any CPU
		{E6BBADAE-C820-44DF-BFD3-A08BE77708C2}.Debug|iPhone.ActiveCfg = Debug|Any CPU
		{E6BBADAE-C820-44DF-BFD3-A08BE77708C2}.Debug|iPhone.Build.0 = Debug|Any CPU
		{E6BBADAE-C820-44DF-BFD3-A08BE77708C2}.Debug|iPhone.Deploy.0 = Debug|Any CPU
		{E6BBADAE-C820-44DF-BFD3-A08BE77708C2}.Debug|iPhoneSimulator.ActiveCfg = Debug|Any CPU
		{E6BBADAE-C820-44DF-BFD3-A08BE77708C2}.Debug|iPhoneSimulator.Build.0 = Debug|Any CPU
		{E6BBADAE-C820-44DF-BFD3-A08BE77708C2}.Debug|iPhoneSimulator.Deploy.0 = Debug|Any CPU
		{E6BBADAE-C820-44DF-BFD3-A08BE77708C2}.Debug|x64.ActiveCfg = Debug|Any CPU
		{E6BBADAE-C820-44DF-BFD3-A08BE77708C2}.Debug|x64.Build.0 = Debug|Any CPU
		{E6BBADAE-C820-44DF-BFD3-A08BE77708C2}.Debug|x64.Deploy.0 = Debug|Any CPU
		{E6BBADAE-C820-44DF-BFD3-A08BE77708C2}.Debug|x86.ActiveCfg = Debug|Any CPU
		{E6BBADAE-C820-44DF-BFD3-A08BE77708C2}.Debug|x86.Build.0 = Debug|Any CPU
		{E6BBADAE-C820-44DF-BFD3-A08BE77708C2}.Debug|x86.Deploy.0 = Debug|Any CPU
		{E6BBADAE-C820-44DF-BFD3-A08BE77708C2}.Release|Any CPU.ActiveCfg = Release|Any CPU
		{E6BBADAE-C820-44DF-BFD3-A08BE77708C2}.Release|Any CPU.Build.0 = Release|Any CPU
		{E6BBADAE-C820-44DF-BFD3-A08BE77708C2}.Release|Any CPU.Deploy.0 = Release|Any CPU
		{E6BBADAE-C820-44DF-BFD3-A08BE77708C2}.Release|ARM.ActiveCfg = Release|Any CPU
		{E6BBADAE-C820-44DF-BFD3-A08BE77708C2}.Release|ARM.Build.0 = Release|Any CPU
		{E6BBADAE-C820-44DF-BFD3-A08BE77708C2}.Release|ARM.Deploy.0 = Release|Any CPU
		{E6BBADAE-C820-44DF-BFD3-A08BE77708C2}.Release|iPhone.ActiveCfg = Release|Any CPU
		{E6BBADAE-C820-44DF-BFD3-A08BE77708C2}.Release|iPhone.Build.0 = Release|Any CPU
		{E6BBADAE-C820-44DF-BFD3-A08BE77708C2}.Release|iPhone.Deploy.0 = Release|Any CPU
		{E6BBADAE-C820-44DF-BFD3-A08BE77708C2}.Release|iPhoneSimulator.ActiveCfg = Release|Any CPU
		{E6BBADAE-C820-44DF-BFD3-A08BE77708C2}.Release|iPhoneSimulator.Build.0 = Release|Any CPU
		{E6BBADAE-C820-44DF-BFD3-A08BE77708C2}.Release|iPhoneSimulator.Deploy.0 = Release|Any CPU
		{E6BBADAE-C820-44DF-BFD3-A08BE77708C2}.Release|x64.ActiveCfg = Release|Any CPU
		{E6BBADAE-C820-44DF-BFD3-A08BE77708C2}.Release|x64.Build.0 = Release|Any CPU
		{E6BBADAE-C820-44DF-BFD3-A08BE77708C2}.Release|x64.Deploy.0 = Release|Any CPU
		{E6BBADAE-C820-44DF-BFD3-A08BE77708C2}.Release|x86.ActiveCfg = Release|Any CPU
		{E6BBADAE-C820-44DF-BFD3-A08BE77708C2}.Release|x86.Build.0 = Release|Any CPU
		{E6BBADAE-C820-44DF-BFD3-A08BE77708C2}.Release|x86.Deploy.0 = Release|Any CPU
	EndGlobalSection
	GlobalSection(SolutionProperties) = preSolution
		HideSolutionNode = FALSE
	EndGlobalSection
	GlobalSection(ExtensibilityGlobals) = postSolution
		SolutionGuid = {19EC29A5-629A-45A7-9F00-2DEAF8CFD06F}
	EndGlobalSection
EndGlobal
